
Microsoft Visual Studio Solution File, Format Version 12.00
# Visual Studio 15
VisualStudioVersion = 15.0.28010.2003
MinimumVisualStudioVersion = 10.0.40219.1
Project("{FAE04EC0-301F-11D3-BF4B-00C04F79EFBC}") = "RAD_PAY", "RAD_PAY\RAD_PAY.csproj", "{50D9B5F7-7948-4D3C-99E7-809945441E47}"
EndProject
Project("{FAE04EC0-301F-11D3-BF4B-00C04F79EFBC}") = "RAD_PAY.Tests", "RAD_PAY.Tests\RAD_PAY.Tests.csproj", "{4CA0703E-24E7-4CDA-BFD6-6AF1DDE00745}"
EndProject
Project("{FAE04EC0-301F-11D3-BF4B-00C04F79EFBC}") = "C++BackendProject", "C++BackendProject\C++BackendProject.csproj", "{1641CAE0-65E8-481A-A78C-60ED729AD39F}"
EndProject
Global
	GlobalSection(SolutionConfigurationPlatforms) = preSolution
		Debug|Any CPU = Debug|Any CPU
		Release|Any CPU = Release|Any CPU
	EndGlobalSection
	GlobalSection(ProjectConfigurationPlatforms) = postSolution
		{50D9B5F7-7948-4D3C-99E7-809945441E47}.Debug|Any CPU.ActiveCfg = Debug|Any CPU
		{50D9B5F7-7948-4D3C-99E7-809945441E47}.Debug|Any CPU.Build.0 = Debug|Any CPU
		{50D9B5F7-7948-4D3C-99E7-809945441E47}.Release|Any CPU.ActiveCfg = Release|Any CPU
		{50D9B5F7-7948-4D3C-99E7-809945441E47}.Release|Any CPU.Build.0 = Release|Any CPU
		{4CA0703E-24E7-4CDA-BFD6-6AF1DDE00745}.Debug|Any CPU.ActiveCfg = Debug|Any CPU
		{4CA0703E-24E7-4CDA-BFD6-6AF1DDE00745}.Debug|Any CPU.Build.0 = Debug|Any CPU
		{4CA0703E-24E7-4CDA-BFD6-6AF1DDE00745}.Release|Any CPU.ActiveCfg = Release|Any CPU
		{4CA0703E-24E7-4CDA-BFD6-6AF1DDE00745}.Release|Any CPU.Build.0 = Release|Any CPU
		{1641CAE0-65E8-481A-A78C-60ED729AD39F}.Debug|Any CPU.ActiveCfg = Debug|Any CPU
		{1641CAE0-65E8-481A-A78C-60ED729AD39F}.Debug|Any CPU.Build.0 = Debug|Any CPU
		{1641CAE0-65E8-481A-A78C-60ED729AD39F}.Release|Any CPU.ActiveCfg = Release|Any CPU
		{1641CAE0-65E8-481A-A78C-60ED729AD39F}.Release|Any CPU.Build.0 = Release|Any CPU
	EndGlobalSection
	GlobalSection(SolutionProperties) = preSolution
		HideSolutionNode = FALSE
	EndGlobalSection
	GlobalSection(ExtensibilityGlobals) = postSolution
		SolutionGuid = {910BCE8F-4120-4359-A6C2-AE7C9E899B9D}
	EndGlobalSection
EndGlobal
